
Microsoft Visual Studio Solution File, Format Version 12.00
# Visual Studio Version 17
VisualStudioVersion = 17.5.33516.290
MinimumVisualStudioVersion = 10.0.40219.1
Project("{888888A0-9F3D-457C-B088-3A5042F75D52}") = "streamlit_app", "streamlit_app.pyproj", "{E224BBEF-0598-48E8-828D-3EF2DE163685}"
EndProject
Global
	GlobalSection(SolutionConfigurationPlatforms) = preSolution
		Debug|Any CPU = Debug|Any CPU
		Release|Any CPU = Release|Any CPU
	EndGlobalSection
	GlobalSection(ProjectConfigurationPlatforms) = postSolution
		{E224BBEF-0598-48E8-828D-3EF2DE163685}.Debug|Any CPU.ActiveCfg = Debug|Any CPU
		{E224BBEF-0598-48E8-828D-3EF2DE163685}.Release|Any CPU.ActiveCfg = Release|Any CPU
	EndGlobalSection
	GlobalSection(SolutionProperties) = preSolution
		HideSolutionNode = FALSE
	EndGlobalSection
	GlobalSection(ExtensibilityGlobals) = postSolution
		SolutionGuid = {9F234B94-DD6A-4D25-A69E-C083DBB2B0E7}
	EndGlobalSection
EndGlobal
